// !$*UTF8*$!
{
	archiveVersion = 1;
	classes = {
	};
	objectVersion = 46;
	objects = {

/* Begin PBXBuildFile section */
		58E35FFA1D87D5E100D38839 /* main.m in Sources */ = {isa = PBXBuildFile; fileRef = 58E35FF91D87D5E100D38839 /* main.m */; };
		58E35FFD1D87D5E100D38839 /* AppDelegate.m in Sources */ = {isa = PBXBuildFile; fileRef = 58E35FFC1D87D5E100D38839 /* AppDelegate.m */; };
		58E360051D87D5E100D38839 /* Assets.xcassets in Resources */ = {isa = PBXBuildFile; fileRef = 58E360041D87D5E100D38839 /* Assets.xcassets */; };
		58E360081D87D5E100D38839 /* LaunchScreen.storyboard in Resources */ = {isa = PBXBuildFile; fileRef = 58E360061D87D5E100D38839 /* LaunchScreen.storyboard */; };
		58E360131D87D5E100D38839 /* ZKIMTests.m in Sources */ = {isa = PBXBuildFile; fileRef = 58E360121D87D5E100D38839 /* ZKIMTests.m */; };
		58E3601E1D87D5E100D38839 /* ZKIMUITests.m in Sources */ = {isa = PBXBuildFile; fileRef = 58E3601D1D87D5E100D38839 /* ZKIMUITests.m */; };
		58E3602F1D87D63D00D38839 /* ZKMainViewController.m in Sources */ = {isa = PBXBuildFile; fileRef = 58E3602D1D87D63D00D38839 /* ZKMainViewController.m */; };
		58E360301D87D63D00D38839 /* ZKMainViewController.xib in Resources */ = {isa = PBXBuildFile; fileRef = 58E3602E1D87D63D00D38839 /* ZKMainViewController.xib */; };
		58E3605F1D87D81000D38839 /* libHyphenateFullSDK.a in Frameworks */ = {isa = PBXBuildFile; fileRef = 58E3605E1D87D81000D38839 /* libHyphenateFullSDK.a */; };
		58E360611D87E49800D38839 /* CoreMedia.framework in Frameworks */ = {isa = PBXBuildFile; fileRef = 58E360601D87E49800D38839 /* CoreMedia.framework */; };
		58E360631D87E4A400D38839 /* AudioToolbox.framework in Frameworks */ = {isa = PBXBuildFile; fileRef = 58E360621D87E4A400D38839 /* AudioToolbox.framework */; };
		58E360651D87E4AE00D38839 /* AVFoundation.framework in Frameworks */ = {isa = PBXBuildFile; fileRef = 58E360641D87E4AE00D38839 /* AVFoundation.framework */; };
		58E360671D87E4BB00D38839 /* MobileCoreServices.framework in Frameworks */ = {isa = PBXBuildFile; fileRef = 58E360661D87E4BB00D38839 /* MobileCoreServices.framework */; };
		58E360691D87E4C700D38839 /* ImageIO.framework in Frameworks */ = {isa = PBXBuildFile; fileRef = 58E360681D87E4C700D38839 /* ImageIO.framework */; };
		58E3606B1D87E4D900D38839 /* libc++.tbd in Frameworks */ = {isa = PBXBuildFile; fileRef = 58E3606A1D87E4D900D38839 /* libc++.tbd */; };
		58E3606D1D87E4E700D38839 /* libz.tbd in Frameworks */ = {isa = PBXBuildFile; fileRef = 58E3606C1D87E4E700D38839 /* libz.tbd */; };
		58E3606F1D87E4F600D38839 /* libstdc++.6.0.9.tbd in Frameworks */ = {isa = PBXBuildFile; fileRef = 58E3606E1D87E4F600D38839 /* libstdc++.6.0.9.tbd */; };
		58E360711D87E50700D38839 /* libsqlite3.tbd in Frameworks */ = {isa = PBXBuildFile; fileRef = 58E360701D87E50700D38839 /* libsqlite3.tbd */; };
/* End PBXBuildFile section */

/* Begin PBXContainerItemProxy section */
		58E3600F1D87D5E100D38839 /* PBXContainerItemProxy */ = {
			isa = PBXContainerItemProxy;
			containerPortal = 58E35FED1D87D5E100D38839 /* Project object */;
			proxyType = 1;
			remoteGlobalIDString = 58E35FF41D87D5E100D38839;
			remoteInfo = ZKIM;
		};
		58E3601A1D87D5E100D38839 /* PBXContainerItemProxy */ = {
			isa = PBXContainerItemProxy;
			containerPortal = 58E35FED1D87D5E100D38839 /* Project object */;
			proxyType = 1;
			remoteGlobalIDString = 58E35FF41D87D5E100D38839;
			remoteInfo = ZKIM;
		};
/* End PBXContainerItemProxy section */

/* Begin PBXFileReference section */
		58E35FF51D87D5E100D38839 /* ZKIM.app */ = {isa = PBXFileReference; explicitFileType = wrapper.application; includeInIndex = 0; path = ZKIM.app; sourceTree = BUILT_PRODUCTS_DIR; };
		58E35FF91D87D5E100D38839 /* main.m */ = {isa = PBXFileReference; lastKnownFileType = sourcecode.c.objc; path = main.m; sourceTree = "<group>"; };
		58E35FFB1D87D5E100D38839 /* AppDelegate.h */ = {isa = PBXFileReference; lastKnownFileType = sourcecode.c.h; path = AppDelegate.h; sourceTree = "<group>"; };
		58E35FFC1D87D5E100D38839 /* AppDelegate.m */ = {isa = PBXFileReference; lastKnownFileType = sourcecode.c.objc; path = AppDelegate.m; sourceTree = "<group>"; };
		58E360041D87D5E100D38839 /* Assets.xcassets */ = {isa = PBXFileReference; lastKnownFileType = folder.assetcatalog; path = Assets.xcassets; sourceTree = "<group>"; };
		58E360071D87D5E100D38839 /* Base */ = {isa = PBXFileReference; lastKnownFileType = file.storyboard; name = Base; path = Base.lproj/LaunchScreen.storyboard; sourceTree = "<group>"; };
		58E360091D87D5E100D38839 /* Info.plist */ = {isa = PBXFileReference; lastKnownFileType = text.plist.xml; path = Info.plist; sourceTree = "<group>"; };
		58E3600E1D87D5E100D38839 /* ZKIMTests.xctest */ = {isa = PBXFileReference; explicitFileType = wrapper.cfbundle; includeInIndex = 0; path = ZKIMTests.xctest; sourceTree = BUILT_PRODUCTS_DIR; };
		58E360121D87D5E100D38839 /* ZKIMTests.m */ = {isa = PBXFileReference; lastKnownFileType = sourcecode.c.objc; path = ZKIMTests.m; sourceTree = "<group>"; };
		58E360141D87D5E100D38839 /* Info.plist */ = {isa = PBXFileReference; lastKnownFileType = text.plist.xml; path = Info.plist; sourceTree = "<group>"; };
		58E360191D87D5E100D38839 /* ZKIMUITests.xctest */ = {isa = PBXFileReference; explicitFileType = wrapper.cfbundle; includeInIndex = 0; path = ZKIMUITests.xctest; sourceTree = BUILT_PRODUCTS_DIR; };
		58E3601D1D87D5E100D38839 /* ZKIMUITests.m */ = {isa = PBXFileReference; lastKnownFileType = sourcecode.c.objc; path = ZKIMUITests.m; sourceTree = "<group>"; };
		58E3601F1D87D5E100D38839 /* Info.plist */ = {isa = PBXFileReference; lastKnownFileType = text.plist.xml; path = Info.plist; sourceTree = "<group>"; };
		58E3602C1D87D63D00D38839 /* ZKMainViewController.h */ = {isa = PBXFileReference; fileEncoding = 4; lastKnownFileType = sourcecode.c.h; path = ZKMainViewController.h; sourceTree = "<group>"; };
		58E3602D1D87D63D00D38839 /* ZKMainViewController.m */ = {isa = PBXFileReference; fileEncoding = 4; lastKnownFileType = sourcecode.c.objc; path = ZKMainViewController.m; sourceTree = "<group>"; };
		58E3602E1D87D63D00D38839 /* ZKMainViewController.xib */ = {isa = PBXFileReference; fileEncoding = 4; lastKnownFileType = file.xib; path = ZKMainViewController.xib; sourceTree = "<group>"; };
		58E360371D87D81000D38839 /* EMCallLocalView.h */ = {isa = PBXFileReference; fileEncoding = 4; lastKnownFileType = sourcecode.c.h; path = EMCallLocalView.h; sourceTree = "<group>"; };
		58E360381D87D81000D38839 /* EMCallManagerDelegate.h */ = {isa = PBXFileReference; fileEncoding = 4; lastKnownFileType = sourcecode.c.h; path = EMCallManagerDelegate.h; sourceTree = "<group>"; };
		58E360391D87D81000D38839 /* EMCallRemoteView.h */ = {isa = PBXFileReference; fileEncoding = 4; lastKnownFileType = sourcecode.c.h; path = EMCallRemoteView.h; sourceTree = "<group>"; };
		58E3603A1D87D81000D38839 /* EMCallSession.h */ = {isa = PBXFileReference; fileEncoding = 4; lastKnownFileType = sourcecode.c.h; path = EMCallSession.h; sourceTree = "<group>"; };
		58E3603B1D87D81000D38839 /* EMChatManagerDelegate.h */ = {isa = PBXFileReference; fileEncoding = 4; lastKnownFileType = sourcecode.c.h; path = EMChatManagerDelegate.h; sourceTree = "<group>"; };
		58E3603C1D87D81000D38839 /* EMChatroom.h */ = {isa = PBXFileReference; fileEncoding = 4; lastKnownFileType = sourcecode.c.h; path = EMChatroom.h; sourceTree = "<group>"; };
		58E3603D1D87D81000D38839 /* EMChatroomManagerDelegate.h */ = {isa = PBXFileReference; fileEncoding = 4; lastKnownFileType = sourcecode.c.h; path = EMChatroomManagerDelegate.h; sourceTree = "<group>"; };
		58E3603E1D87D81000D38839 /* EMClient+Call.h */ = {isa = PBXFileReference; fileEncoding = 4; lastKnownFileType = sourcecode.c.h; path = "EMClient+Call.h"; sourceTree = "<group>"; };
		58E3603F1D87D81000D38839 /* EMClient.h */ = {isa = PBXFileReference; fileEncoding = 4; lastKnownFileType = sourcecode.c.h; path = EMClient.h; sourceTree = "<group>"; };
		58E360401D87D81000D38839 /* EMClientDelegate.h */ = {isa = PBXFileReference; fileEncoding = 4; lastKnownFileType = sourcecode.c.h; path = EMClientDelegate.h; sourceTree = "<group>"; };
		58E360411D87D81000D38839 /* EMCmdMessageBody.h */ = {isa = PBXFileReference; fileEncoding = 4; lastKnownFileType = sourcecode.c.h; path = EMCmdMessageBody.h; sourceTree = "<group>"; };
		58E360421D87D81000D38839 /* EMContactManagerDelegate.h */ = {isa = PBXFileReference; fileEncoding = 4; lastKnownFileType = sourcecode.c.h; path = EMContactManagerDelegate.h; sourceTree = "<group>"; };
		58E360431D87D81000D38839 /* EMConversation.h */ = {isa = PBXFileReference; fileEncoding = 4; lastKnownFileType = sourcecode.c.h; path = EMConversation.h; sourceTree = "<group>"; };
		58E360441D87D81000D38839 /* EMCursorResult.h */ = {isa = PBXFileReference; fileEncoding = 4; lastKnownFileType = sourcecode.c.h; path = EMCursorResult.h; sourceTree = "<group>"; };
		58E360451D87D81000D38839 /* EMError.h */ = {isa = PBXFileReference; fileEncoding = 4; lastKnownFileType = sourcecode.c.h; path = EMError.h; sourceTree = "<group>"; };
		58E360461D87D81000D38839 /* EMErrorCode.h */ = {isa = PBXFileReference; fileEncoding = 4; lastKnownFileType = sourcecode.c.h; path = EMErrorCode.h; sourceTree = "<group>"; };
		58E360471D87D81000D38839 /* EMFileMessageBody.h */ = {isa = PBXFileReference; fileEncoding = 4; lastKnownFileType = sourcecode.c.h; path = EMFileMessageBody.h; sourceTree = "<group>"; };
		58E360481D87D81000D38839 /* EMGroup.h */ = {isa = PBXFileReference; fileEncoding = 4; lastKnownFileType = sourcecode.c.h; path = EMGroup.h; sourceTree = "<group>"; };
		58E360491D87D81000D38839 /* EMGroupManagerDelegate.h */ = {isa = PBXFileReference; fileEncoding = 4; lastKnownFileType = sourcecode.c.h; path = EMGroupManagerDelegate.h; sourceTree = "<group>"; };
		58E3604A1D87D81000D38839 /* EMGroupOptions.h */ = {isa = PBXFileReference; fileEncoding = 4; lastKnownFileType = sourcecode.c.h; path = EMGroupOptions.h; sourceTree = "<group>"; };
		58E3604B1D87D81000D38839 /* EMImageMessageBody.h */ = {isa = PBXFileReference; fileEncoding = 4; lastKnownFileType = sourcecode.c.h; path = EMImageMessageBody.h; sourceTree = "<group>"; };
		58E3604C1D87D81000D38839 /* EMLocationMessageBody.h */ = {isa = PBXFileReference; fileEncoding = 4; lastKnownFileType = sourcecode.c.h; path = EMLocationMessageBody.h; sourceTree = "<group>"; };
		58E3604D1D87D81000D38839 /* EMMessage.h */ = {isa = PBXFileReference; fileEncoding = 4; lastKnownFileType = sourcecode.c.h; path = EMMessage.h; sourceTree = "<group>"; };
		58E3604E1D87D81000D38839 /* EMMessageBody.h */ = {isa = PBXFileReference; fileEncoding = 4; lastKnownFileType = sourcecode.c.h; path = EMMessageBody.h; sourceTree = "<group>"; };
		58E3604F1D87D81000D38839 /* EMOptions+PrivateDeploy.h */ = {isa = PBXFileReference; fileEncoding = 4; lastKnownFileType = sourcecode.c.h; path = "EMOptions+PrivateDeploy.h"; sourceTree = "<group>"; };
		58E360501D87D81000D38839 /* EMOptions.h */ = {isa = PBXFileReference; fileEncoding = 4; lastKnownFileType = sourcecode.c.h; path = EMOptions.h; sourceTree = "<group>"; };
		58E360511D87D81000D38839 /* EMPushOptions.h */ = {isa = PBXFileReference; fileEncoding = 4; lastKnownFileType = sourcecode.c.h; path = EMPushOptions.h; sourceTree = "<group>"; };
		58E360521D87D81000D38839 /* EMSDK.h */ = {isa = PBXFileReference; fileEncoding = 4; lastKnownFileType = sourcecode.c.h; path = EMSDK.h; sourceTree = "<group>"; };
		58E360531D87D81000D38839 /* EMSDKFull.h */ = {isa = PBXFileReference; fileEncoding = 4; lastKnownFileType = sourcecode.c.h; path = EMSDKFull.h; sourceTree = "<group>"; };
		58E360541D87D81000D38839 /* EMTextMessageBody.h */ = {isa = PBXFileReference; fileEncoding = 4; lastKnownFileType = sourcecode.c.h; path = EMTextMessageBody.h; sourceTree = "<group>"; };
		58E360551D87D81000D38839 /* EMVideoMessageBody.h */ = {isa = PBXFileReference; fileEncoding = 4; lastKnownFileType = sourcecode.c.h; path = EMVideoMessageBody.h; sourceTree = "<group>"; };
		58E360561D87D81000D38839 /* EMVoiceMessageBody.h */ = {isa = PBXFileReference; fileEncoding = 4; lastKnownFileType = sourcecode.c.h; path = EMVoiceMessageBody.h; sourceTree = "<group>"; };
		58E360571D87D81000D38839 /* IEMCallManager.h */ = {isa = PBXFileReference; fileEncoding = 4; lastKnownFileType = sourcecode.c.h; path = IEMCallManager.h; sourceTree = "<group>"; };
		58E360581D87D81000D38839 /* IEMChatManager.h */ = {isa = PBXFileReference; fileEncoding = 4; lastKnownFileType = sourcecode.c.h; path = IEMChatManager.h; sourceTree = "<group>"; };
		58E360591D87D81000D38839 /* IEMChatroomManager.h */ = {isa = PBXFileReference; fileEncoding = 4; lastKnownFileType = sourcecode.c.h; path = IEMChatroomManager.h; sourceTree = "<group>"; };
		58E3605A1D87D81000D38839 /* IEMContactManager.h */ = {isa = PBXFileReference; fileEncoding = 4; lastKnownFileType = sourcecode.c.h; path = IEMContactManager.h; sourceTree = "<group>"; };
		58E3605B1D87D81000D38839 /* IEMGroupManager.h */ = {isa = PBXFileReference; fileEncoding = 4; lastKnownFileType = sourcecode.c.h; path = IEMGroupManager.h; sourceTree = "<group>"; };
		58E3605C1D87D81000D38839 /* OpenGLView20.h */ = {isa = PBXFileReference; fileEncoding = 4; lastKnownFileType = sourcecode.c.h; path = OpenGLView20.h; sourceTree = "<group>"; };
		58E3605E1D87D81000D38839 /* libHyphenateFullSDK.a */ = {isa = PBXFileReference; lastKnownFileType = archive.ar; path = libHyphenateFullSDK.a; sourceTree = "<group>"; };
		58E360601D87E49800D38839 /* CoreMedia.framework */ = {isa = PBXFileReference; lastKnownFileType = wrapper.framework; name = CoreMedia.framework; path = System/Library/Frameworks/CoreMedia.framework; sourceTree = SDKROOT; };
		58E360621D87E4A400D38839 /* AudioToolbox.framework */ = {isa = PBXFileReference; lastKnownFileType = wrapper.framework; name = AudioToolbox.framework; path = System/Library/Frameworks/AudioToolbox.framework; sourceTree = SDKROOT; };
		58E360641D87E4AE00D38839 /* AVFoundation.framework */ = {isa = PBXFileReference; lastKnownFileType = wrapper.framework; name = AVFoundation.framework; path = System/Library/Frameworks/AVFoundation.framework; sourceTree = SDKROOT; };
		58E360661D87E4BB00D38839 /* MobileCoreServices.framework */ = {isa = PBXFileReference; lastKnownFileType = wrapper.framework; name = MobileCoreServices.framework; path = System/Library/Frameworks/MobileCoreServices.framework; sourceTree = SDKROOT; };
		58E360681D87E4C700D38839 /* ImageIO.framework */ = {isa = PBXFileReference; lastKnownFileType = wrapper.framework; name = ImageIO.framework; path = System/Library/Frameworks/ImageIO.framework; sourceTree = SDKROOT; };
		58E3606A1D87E4D900D38839 /* libc++.tbd */ = {isa = PBXFileReference; lastKnownFileType = "sourcecode.text-based-dylib-definition"; name = "libc++.tbd"; path = "usr/lib/libc++.tbd"; sourceTree = SDKROOT; };
		58E3606C1D87E4E700D38839 /* libz.tbd */ = {isa = PBXFileReference; lastKnownFileType = "sourcecode.text-based-dylib-definition"; name = libz.tbd; path = usr/lib/libz.tbd; sourceTree = SDKROOT; };
		58E3606E1D87E4F600D38839 /* libstdc++.6.0.9.tbd */ = {isa = PBXFileReference; lastKnownFileType = "sourcecode.text-based-dylib-definition"; name = "libstdc++.6.0.9.tbd"; path = "usr/lib/libstdc++.6.0.9.tbd"; sourceTree = SDKROOT; };
		58E360701D87E50700D38839 /* libsqlite3.tbd */ = {isa = PBXFileReference; lastKnownFileType = "sourcecode.text-based-dylib-definition"; name = libsqlite3.tbd; path = usr/lib/libsqlite3.tbd; sourceTree = SDKROOT; };
/* End PBXFileReference section */

/* Begin PBXFrameworksBuildPhase section */
		58E35FF21D87D5E100D38839 /* Frameworks */ = {
			isa = PBXFrameworksBuildPhase;
			buildActionMask = 2147483647;
			files = (
				58E360711D87E50700D38839 /* libsqlite3.tbd in Frameworks */,
				58E3606F1D87E4F600D38839 /* libstdc++.6.0.9.tbd in Frameworks */,
				58E3606D1D87E4E700D38839 /* libz.tbd in Frameworks */,
				58E3606B1D87E4D900D38839 /* libc++.tbd in Frameworks */,
				58E360691D87E4C700D38839 /* ImageIO.framework in Frameworks */,
				58E360671D87E4BB00D38839 /* MobileCoreServices.framework in Frameworks */,
				58E360651D87E4AE00D38839 /* AVFoundation.framework in Frameworks */,
				58E360631D87E4A400D38839 /* AudioToolbox.framework in Frameworks */,
				58E360611D87E49800D38839 /* CoreMedia.framework in Frameworks */,
				58E3605F1D87D81000D38839 /* libHyphenateFullSDK.a in Frameworks */,
			);
			runOnlyForDeploymentPostprocessing = 0;
		};
		58E3600B1D87D5E100D38839 /* Frameworks */ = {
			isa = PBXFrameworksBuildPhase;
			buildActionMask = 2147483647;
			files = (
			);
			runOnlyForDeploymentPostprocessing = 0;
		};
		58E360161D87D5E100D38839 /* Frameworks */ = {
			isa = PBXFrameworksBuildPhase;
			buildActionMask = 2147483647;
			files = (
			);
			runOnlyForDeploymentPostprocessing = 0;
		};
/* End PBXFrameworksBuildPhase section */

/* Begin PBXGroup section */
		58E35FEC1D87D5E100D38839 = {
			isa = PBXGroup;
			children = (
				58E35FF71D87D5E100D38839 /* ZKIM */,
				58E360111D87D5E100D38839 /* ZKIMTests */,
				58E3601C1D87D5E100D38839 /* ZKIMUITests */,
				58E35FF61D87D5E100D38839 /* Products */,
			);
			sourceTree = "<group>";
		};
		58E35FF61D87D5E100D38839 /* Products */ = {
			isa = PBXGroup;
			children = (
				58E35FF51D87D5E100D38839 /* ZKIM.app */,
				58E3600E1D87D5E100D38839 /* ZKIMTests.xctest */,
				58E360191D87D5E100D38839 /* ZKIMUITests.xctest */,
			);
			name = Products;
			sourceTree = "<group>";
		};
		58E35FF71D87D5E100D38839 /* ZKIM */ = {
			isa = PBXGroup;
			children = (
				58E35FFB1D87D5E100D38839 /* AppDelegate.h */,
				58E35FFC1D87D5E100D38839 /* AppDelegate.m */,
				58E3602B1D87D61C00D38839 /* Classes */,
				58E360311D87D76000D38839 /* Thirdparty */,
				58E35FF81D87D5E100D38839 /* Supporting Files */,
			);
			path = ZKIM;
			sourceTree = "<group>";
		};
		58E35FF81D87D5E100D38839 /* Supporting Files */ = {
			isa = PBXGroup;
			children = (
				58E360721D87E5B000D38839 /* Framework */,
				58E360041D87D5E100D38839 /* Assets.xcassets */,
				58E360061D87D5E100D38839 /* LaunchScreen.storyboard */,
				58E360091D87D5E100D38839 /* Info.plist */,
				58E35FF91D87D5E100D38839 /* main.m */,
			);
			name = "Supporting Files";
			sourceTree = "<group>";
		};
		58E360111D87D5E100D38839 /* ZKIMTests */ = {
			isa = PBXGroup;
			children = (
				58E360121D87D5E100D38839 /* ZKIMTests.m */,
				58E360141D87D5E100D38839 /* Info.plist */,
			);
			path = ZKIMTests;
			sourceTree = "<group>";
		};
		58E3601C1D87D5E100D38839 /* ZKIMUITests */ = {
			isa = PBXGroup;
			children = (
				58E3601D1D87D5E100D38839 /* ZKIMUITests.m */,
				58E3601F1D87D5E100D38839 /* Info.plist */,
			);
			path = ZKIMUITests;
			sourceTree = "<group>";
		};
		58E3602B1D87D61C00D38839 /* Classes */ = {
			isa = PBXGroup;
			children = (
				58E3602C1D87D63D00D38839 /* ZKMainViewController.h */,
				58E3602D1D87D63D00D38839 /* ZKMainViewController.m */,
				58E3602E1D87D63D00D38839 /* ZKMainViewController.xib */,
			);
			path = Classes;
			sourceTree = "<group>";
		};
		58E360311D87D76000D38839 /* Thirdparty */ = {
			isa = PBXGroup;
			children = (
				58E360351D87D81000D38839 /* HyphenateFullSDK */,
			);
			path = Thirdparty;
			sourceTree = "<group>";
		};
		58E360351D87D81000D38839 /* HyphenateFullSDK */ = {
			isa = PBXGroup;
			children = (
				58E360361D87D81000D38839 /* include */,
				58E3605D1D87D81000D38839 /* lib */,
			);
			path = HyphenateFullSDK;
			sourceTree = "<group>";
		};
		58E360361D87D81000D38839 /* include */ = {
			isa = PBXGroup;
			children = (
				58E360371D87D81000D38839 /* EMCallLocalView.h */,
				58E360381D87D81000D38839 /* EMCallManagerDelegate.h */,
				58E360391D87D81000D38839 /* EMCallRemoteView.h */,
				58E3603A1D87D81000D38839 /* EMCallSession.h */,
				58E3603B1D87D81000D38839 /* EMChatManagerDelegate.h */,
				58E3603C1D87D81000D38839 /* EMChatroom.h */,
				58E3603D1D87D81000D38839 /* EMChatroomManagerDelegate.h */,
				58E3603E1D87D81000D38839 /* EMClient+Call.h */,
				58E3603F1D87D81000D38839 /* EMClient.h */,
				58E360401D87D81000D38839 /* EMClientDelegate.h */,
				58E360411D87D81000D38839 /* EMCmdMessageBody.h */,
				58E360421D87D81000D38839 /* EMContactManagerDelegate.h */,
				58E360431D87D81000D38839 /* EMConversation.h */,
				58E360441D87D81000D38839 /* EMCursorResult.h */,
				58E360451D87D81000D38839 /* EMError.h */,
				58E360461D87D81000D38839 /* EMErrorCode.h */,
				58E360471D87D81000D38839 /* EMFileMessageBody.h */,
				58E360481D87D81000D38839 /* EMGroup.h */,
				58E360491D87D81000D38839 /* EMGroupManagerDelegate.h */,
				58E3604A1D87D81000D38839 /* EMGroupOptions.h */,
				58E3604B1D87D81000D38839 /* EMImageMessageBody.h */,
				58E3604C1D87D81000D38839 /* EMLocationMessageBody.h */,
				58E3604D1D87D81000D38839 /* EMMessage.h */,
				58E3604E1D87D81000D38839 /* EMMessageBody.h */,
				58E3604F1D87D81000D38839 /* EMOptions+PrivateDeploy.h */,
				58E360501D87D81000D38839 /* EMOptions.h */,
				58E360511D87D81000D38839 /* EMPushOptions.h */,
				58E360521D87D81000D38839 /* EMSDK.h */,
				58E360531D87D81000D38839 /* EMSDKFull.h */,
				58E360541D87D81000D38839 /* EMTextMessageBody.h */,
				58E360551D87D81000D38839 /* EMVideoMessageBody.h */,
				58E360561D87D81000D38839 /* EMVoiceMessageBody.h */,
				58E360571D87D81000D38839 /* IEMCallManager.h */,
				58E360581D87D81000D38839 /* IEMChatManager.h */,
				58E360591D87D81000D38839 /* IEMChatroomManager.h */,
				58E3605A1D87D81000D38839 /* IEMContactManager.h */,
				58E3605B1D87D81000D38839 /* IEMGroupManager.h */,
				58E3605C1D87D81000D38839 /* OpenGLView20.h */,
			);
			path = include;
			sourceTree = "<group>";
		};
		58E3605D1D87D81000D38839 /* lib */ = {
			isa = PBXGroup;
			children = (
				58E3605E1D87D81000D38839 /* libHyphenateFullSDK.a */,
			);
			path = lib;
			sourceTree = "<group>";
		};
		58E360721D87E5B000D38839 /* Framework */ = {
			isa = PBXGroup;
			children = (
				58E360701D87E50700D38839 /* libsqlite3.tbd */,
				58E3606E1D87E4F600D38839 /* libstdc++.6.0.9.tbd */,
				58E3606C1D87E4E700D38839 /* libz.tbd */,
				58E3606A1D87E4D900D38839 /* libc++.tbd */,
				58E360681D87E4C700D38839 /* ImageIO.framework */,
				58E360661D87E4BB00D38839 /* MobileCoreServices.framework */,
				58E360641D87E4AE00D38839 /* AVFoundation.framework */,
				58E360621D87E4A400D38839 /* AudioToolbox.framework */,
				58E360601D87E49800D38839 /* CoreMedia.framework */,
			);
			name = Framework;
			sourceTree = "<group>";
		};
/* End PBXGroup section */

/* Begin PBXNativeTarget section */
		58E35FF41D87D5E100D38839 /* ZKIM */ = {
			isa = PBXNativeTarget;
			buildConfigurationList = 58E360221D87D5E100D38839 /* Build configuration list for PBXNativeTarget "ZKIM" */;
			buildPhases = (
				58E35FF11D87D5E100D38839 /* Sources */,
				58E35FF21D87D5E100D38839 /* Frameworks */,
				58E35FF31D87D5E100D38839 /* Resources */,
			);
			buildRules = (
			);
			dependencies = (
			);
			name = ZKIM;
			productName = ZKIM;
			productReference = 58E35FF51D87D5E100D38839 /* ZKIM.app */;
			productType = "com.apple.product-type.application";
		};
		58E3600D1D87D5E100D38839 /* ZKIMTests */ = {
			isa = PBXNativeTarget;
			buildConfigurationList = 58E360251D87D5E100D38839 /* Build configuration list for PBXNativeTarget "ZKIMTests" */;
			buildPhases = (
				58E3600A1D87D5E100D38839 /* Sources */,
				58E3600B1D87D5E100D38839 /* Frameworks */,
				58E3600C1D87D5E100D38839 /* Resources */,
			);
			buildRules = (
			);
			dependencies = (
				58E360101D87D5E100D38839 /* PBXTargetDependency */,
			);
			name = ZKIMTests;
			productName = ZKIMTests;
			productReference = 58E3600E1D87D5E100D38839 /* ZKIMTests.xctest */;
			productType = "com.apple.product-type.bundle.unit-test";
		};
		58E360181D87D5E100D38839 /* ZKIMUITests */ = {
			isa = PBXNativeTarget;
			buildConfigurationList = 58E360281D87D5E100D38839 /* Build configuration list for PBXNativeTarget "ZKIMUITests" */;
			buildPhases = (
				58E360151D87D5E100D38839 /* Sources */,
				58E360161D87D5E100D38839 /* Frameworks */,
				58E360171D87D5E100D38839 /* Resources */,
			);
			buildRules = (
			);
			dependencies = (
				58E3601B1D87D5E100D38839 /* PBXTargetDependency */,
			);
			name = ZKIMUITests;
			productName = ZKIMUITests;
			productReference = 58E360191D87D5E100D38839 /* ZKIMUITests.xctest */;
			productType = "com.apple.product-type.bundle.ui-testing";
		};
/* End PBXNativeTarget section */

/* Begin PBXProject section */
		58E35FED1D87D5E100D38839 /* Project object */ = {
			isa = PBXProject;
			attributes = {
				LastUpgradeCheck = 0730;
				ORGANIZATIONNAME = ZK;
				TargetAttributes = {
					58E35FF41D87D5E100D38839 = {
						CreatedOnToolsVersion = 7.3.1;
					};
					58E3600D1D87D5E100D38839 = {
						CreatedOnToolsVersion = 7.3.1;
						TestTargetID = 58E35FF41D87D5E100D38839;
					};
					58E360181D87D5E100D38839 = {
						CreatedOnToolsVersion = 7.3.1;
						TestTargetID = 58E35FF41D87D5E100D38839;
					};
				};
			};
			buildConfigurationList = 58E35FF01D87D5E100D38839 /* Build configuration list for PBXProject "ZKIM" */;
			compatibilityVersion = "Xcode 3.2";
			developmentRegion = English;
			hasScannedForEncodings = 0;
			knownRegions = (
				en,
				Base,
			);
			mainGroup = 58E35FEC1D87D5E100D38839;
			productRefGroup = 58E35FF61D87D5E100D38839 /* Products */;
			projectDirPath = "";
			projectRoot = "";
			targets = (
				58E35FF41D87D5E100D38839 /* ZKIM */,
				58E3600D1D87D5E100D38839 /* ZKIMTests */,
				58E360181D87D5E100D38839 /* ZKIMUITests */,
			);
		};
/* End PBXProject section */

/* Begin PBXResourcesBuildPhase section */
		58E35FF31D87D5E100D38839 /* Resources */ = {
			isa = PBXResourcesBuildPhase;
			buildActionMask = 2147483647;
			files = (
				58E360081D87D5E100D38839 /* LaunchScreen.storyboard in Resources */,
				58E360051D87D5E100D38839 /* Assets.xcassets in Resources */,
				58E360301D87D63D00D38839 /* ZKMainViewController.xib in Resources */,
			);
			runOnlyForDeploymentPostprocessing = 0;
		};
		58E3600C1D87D5E100D38839 /* Resources */ = {
			isa = PBXResourcesBuildPhase;
			buildActionMask = 2147483647;
			files = (
			);
			runOnlyForDeploymentPostprocessing = 0;
		};
		58E360171D87D5E100D38839 /* Resources */ = {
			isa = PBXResourcesBuildPhase;
			buildActionMask = 2147483647;
			files = (
			);
			runOnlyForDeploymentPostprocessing = 0;
		};
/* End PBXResourcesBuildPhase section */

/* Begin PBXSourcesBuildPhase section */
		58E35FF11D87D5E100D38839 /* Sources */ = {
			isa = PBXSourcesBuildPhase;
			buildActionMask = 2147483647;
			files = (
				58E35FFD1D87D5E100D38839 /* AppDelegate.m in Sources */,
				58E35FFA1D87D5E100D38839 /* main.m in Sources */,
				58E3602F1D87D63D00D38839 /* ZKMainViewController.m in Sources */,
			);
			runOnlyForDeploymentPostprocessing = 0;
		};
		58E3600A1D87D5E100D38839 /* Sources */ = {
			isa = PBXSourcesBuildPhase;
			buildActionMask = 2147483647;
			files = (
				58E360131D87D5E100D38839 /* ZKIMTests.m in Sources */,
			);
			runOnlyForDeploymentPostprocessing = 0;
		};
		58E360151D87D5E100D38839 /* Sources */ = {
			isa = PBXSourcesBuildPhase;
			buildActionMask = 2147483647;
			files = (
				58E3601E1D87D5E100D38839 /* ZKIMUITests.m in Sources */,
			);
			runOnlyForDeploymentPostprocessing = 0;
		};
/* End PBXSourcesBuildPhase section */

/* Begin PBXTargetDependency section */
		58E360101D87D5E100D38839 /* PBXTargetDependency */ = {
			isa = PBXTargetDependency;
			target = 58E35FF41D87D5E100D38839 /* ZKIM */;
			targetProxy = 58E3600F1D87D5E100D38839 /* PBXContainerItemProxy */;
		};
		58E3601B1D87D5E100D38839 /* PBXTargetDependency */ = {
			isa = PBXTargetDependency;
			target = 58E35FF41D87D5E100D38839 /* ZKIM */;
			targetProxy = 58E3601A1D87D5E100D38839 /* PBXContainerItemProxy */;
		};
/* End PBXTargetDependency section */

/* Begin PBXVariantGroup section */
		58E360061D87D5E100D38839 /* LaunchScreen.storyboard */ = {
			isa = PBXVariantGroup;
			children = (
				58E360071D87D5E100D38839 /* Base */,
			);
			name = LaunchScreen.storyboard;
			sourceTree = "<group>";
		};
/* End PBXVariantGroup section */

/* Begin XCBuildConfiguration section */
		58E360201D87D5E100D38839 /* Debug */ = {
			isa = XCBuildConfiguration;
			buildSettings = {
				ALWAYS_SEARCH_USER_PATHS = NO;
				CLANG_ANALYZER_NONNULL = YES;
				CLANG_CXX_LANGUAGE_STANDARD = "gnu++0x";
				CLANG_CXX_LIBRARY = "libc++";
				CLANG_ENABLE_MODULES = YES;
				CLANG_ENABLE_OBJC_ARC = YES;
				CLANG_WARN_BOOL_CONVERSION = YES;
				CLANG_WARN_CONSTANT_CONVERSION = YES;
				CLANG_WARN_DIRECT_OBJC_ISA_USAGE = YES_ERROR;
				CLANG_WARN_EMPTY_BODY = YES;
				CLANG_WARN_ENUM_CONVERSION = YES;
				CLANG_WARN_INT_CONVERSION = YES;
				CLANG_WARN_OBJC_ROOT_CLASS = YES_ERROR;
				CLANG_WARN_UNREACHABLE_CODE = YES;
				CLANG_WARN__DUPLICATE_METHOD_MATCH = YES;
				"CODE_SIGN_IDENTITY[sdk=iphoneos*]" = "iPhone Developer";
				COPY_PHASE_STRIP = NO;
				DEBUG_INFORMATION_FORMAT = dwarf;
				ENABLE_BITCODE = NO;
				ENABLE_STRICT_OBJC_MSGSEND = YES;
				ENABLE_TESTABILITY = YES;
				GCC_C_LANGUAGE_STANDARD = gnu99;
				GCC_DYNAMIC_NO_PIC = NO;
				GCC_NO_COMMON_BLOCKS = YES;
				GCC_OPTIMIZATION_LEVEL = 0;
				GCC_PREPROCESSOR_DEFINITIONS = (
					"DEBUG=1",
					"$(inherited)",
				);
				GCC_WARN_64_TO_32_BIT_CONVERSION = YES;
				GCC_WARN_ABOUT_RETURN_TYPE = YES_ERROR;
				GCC_WARN_UNDECLARED_SELECTOR = YES;
				GCC_WARN_UNINITIALIZED_AUTOS = YES_AGGRESSIVE;
				GCC_WARN_UNUSED_FUNCTION = YES;
				GCC_WARN_UNUSED_VARIABLE = YES;
				IPHONEOS_DEPLOYMENT_TARGET = 9.3;
				MTL_ENABLE_DEBUG_INFO = YES;
				ONLY_ACTIVE_ARCH = YES;
				SDKROOT = iphoneos;
			};
			name = Debug;
		};
		58E360211D87D5E100D38839 /* Release */ = {
			isa = XCBuildConfiguration;
			buildSettings = {
				ALWAYS_SEARCH_USER_PATHS = NO;
				CLANG_ANALYZER_NONNULL = YES;
				CLANG_CXX_LANGUAGE_STANDARD = "gnu++0x";
				CLANG_CXX_LIBRARY = "libc++";
				CLANG_ENABLE_MODULES = YES;
				CLANG_ENABLE_OBJC_ARC = YES;
				CLANG_WARN_BOOL_CONVERSION = YES;
				CLANG_WARN_CONSTANT_CONVERSION = YES;
				CLANG_WARN_DIRECT_OBJC_ISA_USAGE = YES_ERROR;
				CLANG_WARN_EMPTY_BODY = YES;
				CLANG_WARN_ENUM_CONVERSION = YES;
				CLANG_WARN_INT_CONVERSION = YES;
				CLANG_WARN_OBJC_ROOT_CLASS = YES_ERROR;
				CLANG_WARN_UNREACHABLE_CODE = YES;
				CLANG_WARN__DUPLICATE_METHOD_MATCH = YES;
				"CODE_SIGN_IDENTITY[sdk=iphoneos*]" = "iPhone Developer";
				COPY_PHASE_STRIP = NO;
				DEBUG_INFORMATION_FORMAT = "dwarf-with-dsym";
				ENABLE_BITCODE = NO;
				ENABLE_NS_ASSERTIONS = NO;
				ENABLE_STRICT_OBJC_MSGSEND = YES;
				GCC_C_LANGUAGE_STANDARD = gnu99;
				GCC_NO_COMMON_BLOCKS = YES;
				GCC_WARN_64_TO_32_BIT_CONVERSION = YES;
				GCC_WARN_ABOUT_RETURN_TYPE = YES_ERROR;
				GCC_WARN_UNDECLARED_SELECTOR = YES;
				GCC_WARN_UNINITIALIZED_AUTOS = YES_AGGRESSIVE;
				GCC_WARN_UNUSED_FUNCTION = YES;
				GCC_WARN_UNUSED_VARIABLE = YES;
				IPHONEOS_DEPLOYMENT_TARGET = 9.3;
				MTL_ENABLE_DEBUG_INFO = NO;
				SDKROOT = iphoneos;
				VALIDATE_PRODUCT = YES;
			};
			name = Release;
		};
		58E360231D87D5E100D38839 /* Debug */ = {
			isa = XCBuildConfiguration;
			buildSettings = {
				ASSETCATALOG_COMPILER_APPICON_NAME = AppIcon;
				ENABLE_BITCODE = NO;
				INFOPLIST_FILE = ZKIM/Info.plist;
				IPHONEOS_DEPLOYMENT_TARGET = 8.2;
				LD_RUNPATH_SEARCH_PATHS = "$(inherited) @executable_path/Frameworks";
				LIBRARY_SEARCH_PATHS = (
					"$(inherited)",
					"$(PROJECT_DIR)/ZKIM/Thirdparty/EMLib",
					"$(PROJECT_DIR)/ZKIM/Thirdparty/HyphenateFullSDK/lib",
				);
				PRODUCT_BUNDLE_IDENTIFIER = com.zk520it.ZKIM;
				PRODUCT_NAME = "$(TARGET_NAME)";
			};
			name = Debug;
		};
		58E360241D87D5E100D38839 /* Release */ = {
			isa = XCBuildConfiguration;
			buildSettings = {
				ASSETCATALOG_COMPILER_APPICON_NAME = AppIcon;
				ENABLE_BITCODE = NO;
				INFOPLIST_FILE = ZKIM/Info.plist;
				IPHONEOS_DEPLOYMENT_TARGET = 8.2;
				LD_RUNPATH_SEARCH_PATHS = "$(inherited) @executable_path/Frameworks";
				LIBRARY_SEARCH_PATHS = (
					"$(inherited)",
					"$(PROJECT_DIR)/ZKIM/Thirdparty/EMLib",
					"$(PROJECT_DIR)/ZKIM/Thirdparty/HyphenateFullSDK/lib",
				);
				PRODUCT_BUNDLE_IDENTIFIER = com.zk520it.ZKIM;
				PRODUCT_NAME = "$(TARGET_NAME)";
			};
			name = Release;
		};
		58E360261D87D5E100D38839 /* Debug */ = {
			isa = XCBuildConfiguration;
			buildSettings = {
				BUNDLE_LOADER = "$(TEST_HOST)";
				INFOPLIST_FILE = ZKIMTests/Info.plist;
				LD_RUNPATH_SEARCH_PATHS = "$(inherited) @executable_path/Frameworks @loader_path/Frameworks";
				PRODUCT_BUNDLE_IDENTIFIER = com.zk520it.ZKIMTests;
				PRODUCT_NAME = "$(TARGET_NAME)";
				TEST_HOST = "$(BUILT_PRODUCTS_DIR)/ZKIM.app/ZKIM";
			};
			name = Debug;
		};
		58E360271D87D5E100D38839 /* Release */ = {
			isa = XCBuildConfiguration;
			buildSettings = {
				BUNDLE_LOADER = "$(TEST_HOST)";
				INFOPLIST_FILE = ZKIMTests/Info.plist;
				LD_RUNPATH_SEARCH_PATHS = "$(inherited) @executable_path/Frameworks @loader_path/Frameworks";
				PRODUCT_BUNDLE_IDENTIFIER = com.zk520it.ZKIMTests;
				PRODUCT_NAME = "$(TARGET_NAME)";
				TEST_HOST = "$(BUILT_PRODUCTS_DIR)/ZKIM.app/ZKIM";
			};
			name = Release;
		};
		58E360291D87D5E100D38839 /* Debug */ = {
			isa = XCBuildConfiguration;
			buildSettings = {
				INFOPLIST_FILE = ZKIMUITests/Info.plist;
				LD_RUNPATH_SEARCH_PATHS = "$(inherited) @executable_path/Frameworks @loader_path/Frameworks";
				PRODUCT_BUNDLE_IDENTIFIER = com.zk520it.ZKIMUITests;
				PRODUCT_NAME = "$(TARGET_NAME)";
				TEST_TARGET_NAME = ZKIM;
			};
			name = Debug;
		};
		58E3602A1D87D5E100D38839 /* Release */ = {
			isa = XCBuildConfiguration;
			buildSettings = {
				INFOPLIST_FILE = ZKIMUITests/Info.plist;
				LD_RUNPATH_SEARCH_PATHS = "$(inherited) @executable_path/Frameworks @loader_path/Frameworks";
				PRODUCT_BUNDLE_IDENTIFIER = com.zk520it.ZKIMUITests;
				PRODUCT_NAME = "$(TARGET_NAME)";
				TEST_TARGET_NAME = ZKIM;
			};
			name = Release;
		};
/* End XCBuildConfiguration section */

/* Begin XCConfigurationList section */
		58E35FF01D87D5E100D38839 /* Build configuration list for PBXProject "ZKIM" */ = {
			isa = XCConfigurationList;
			buildConfigurations = (
				58E360201D87D5E100D38839 /* Debug */,
				58E360211D87D5E100D38839 /* Release */,
			);
			defaultConfigurationIsVisible = 0;
			defaultConfigurationName = Release;
		};
		58E360221D87D5E100D38839 /* Build configuration list for PBXNativeTarget "ZKIM" */ = {
			isa = XCConfigurationList;
			buildConfigurations = (
				58E360231D87D5E100D38839 /* Debug */,
				58E360241D87D5E100D38839 /* Release */,
			);
			defaultConfigurationIsVisible = 0;
			defaultConfigurationName = Release;
		};
		58E360251D87D5E100D38839 /* Build configuration list for PBXNativeTarget "ZKIMTests" */ = {
			isa = XCConfigurationList;
			buildConfigurations = (
				58E360261D87D5E100D38839 /* Debug */,
				58E360271D87D5E100D38839 /* Release */,
			);
			defaultConfigurationIsVisible = 0;
			defaultConfigurationName = Release;
		};
		58E360281D87D5E100D38839 /* Build configuration list for PBXNativeTarget "ZKIMUITests" */ = {
			isa = XCConfigurationList;
			buildConfigurations = (
				58E360291D87D5E100D38839 /* Debug */,
				58E3602A1D87D5E100D38839 /* Release */,
			);
			defaultConfigurationIsVisible = 0;
			defaultConfigurationName = Release;
		};
/* End XCConfigurationList section */
	};
	rootObject = 58E35FED1D87D5E100D38839 /* Project object */;
}
